
Microsoft Visual Studio Solution File, Format Version 12.00
# Visual Studio 15
VisualStudioVersion = 15.0.28010.2026
MinimumVisualStudioVersion = 10.0.40219.1
Project("{FAE04EC0-301F-11D3-BF4B-00C04F79EFBC}") = "FastTextProcess", "FastTextProcess\FastTextProcess.csproj", "{4C4ECC82-38CE-4EAE-98D1-70C5ED275CF0}"
EndProject
Global
	GlobalSection(SolutionConfigurationPlatforms) = preSolution
		Debug|Any CPU = Debug|Any CPU
		Release|Any CPU = Release|Any CPU
	EndGlobalSection
	GlobalSection(ProjectConfigurationPlatforms) = postSolution
		{4C4ECC82-38CE-4EAE-98D1-70C5ED275CF0}.Debug|Any CPU.ActiveCfg = Debug|Any CPU
		{4C4ECC82-38CE-4EAE-98D1-70C5ED275CF0}.Debug|Any CPU.Build.0 = Debug|Any CPU
		{4C4ECC82-38CE-4EAE-98D1-70C5ED275CF0}.Release|Any CPU.ActiveCfg = Release|Any CPU
		{4C4ECC82-38CE-4EAE-98D1-70C5ED275CF0}.Release|Any CPU.Build.0 = Release|Any CPU
	EndGlobalSection
	GlobalSection(SolutionProperties) = preSolution
		HideSolutionNode = FALSE
	EndGlobalSection
	GlobalSection(ExtensibilityGlobals) = postSolution
		SolutionGuid = {4DB43B92-7ABA-42A1-9536-2382A8BA7643}
	EndGlobalSection
EndGlobal
