
Microsoft Visual Studio Solution File, Format Version 12.00
# Visual Studio 15
VisualStudioVersion = 15.0.28010.2026
MinimumVisualStudioVersion = 10.0.40219.1
Project("{9A19103F-16F7-4668-BE54-9A1E7A4F7556}") = "Axaprj.FastTextProcess", "FastTextProcess\Axaprj.FastTextProcess.csproj", "{4C4ECC82-38CE-4EAE-98D1-70C5ED275CF0}"
EndProject
Project("{9A19103F-16F7-4668-BE54-9A1E7A4F7556}") = "Axaprj.FastTextProcess.Tests", "Tests\FastTextProcess.Tests\Axaprj.FastTextProcess.Tests.csproj", "{2DC724FC-7191-4C49-A230-BA65D4A9C7A7}"
EndProject
Project("{2150E333-8FDC-42A3-9474-1A3956D46DE8}") = "Solution Items", "Solution Items", "{33B96E3A-522B-4F82-985D-E2B3088F4FDE}"
	ProjectSection(SolutionItems) = preProject
		LICENSE.txt = LICENSE.txt
		README.md = README.md
	EndProjectSection
EndProject
Project("{9A19103F-16F7-4668-BE54-9A1E7A4F7556}") = "Axaprj.WordToVecDB", "Axaprj.WordToVecDB\Axaprj.WordToVecDB.csproj", "{0F4CACF5-D13A-408A-8E68-BBF113D6170C}"
EndProject
Project("{9A19103F-16F7-4668-BE54-9A1E7A4F7556}") = "Axaprj.Textc.Vect", "Axaprj.Textc.Vect\Axaprj.Textc.Vect.csproj", "{1B184F6B-750A-4BDF-9CDE-3F2A75424602}"
EndProject
Project("{9A19103F-16F7-4668-BE54-9A1E7A4F7556}") = "Axaprj.Textc.Vect.Test", "Axaprj.Textc.Vect.Test\Axaprj.Textc.Vect.Test.csproj", "{EA08D7AD-6BAB-4AF3-9367-6D41544D4BE3}"
EndProject
Project("{9A19103F-16F7-4668-BE54-9A1E7A4F7556}") = "Takenet.Textc.Core", "..\textc-csharp\src\Takenet.Textc\Takenet.Textc.Core.csproj", "{2A125DA5-B75F-48F4-8737-3CE3181DA778}"
EndProject
Global
	GlobalSection(SolutionConfigurationPlatforms) = preSolution
		Debug|Any CPU = Debug|Any CPU
		Release|Any CPU = Release|Any CPU
	EndGlobalSection
	GlobalSection(ProjectConfigurationPlatforms) = postSolution
		{4C4ECC82-38CE-4EAE-98D1-70C5ED275CF0}.Debug|Any CPU.ActiveCfg = Debug|Any CPU
		{4C4ECC82-38CE-4EAE-98D1-70C5ED275CF0}.Debug|Any CPU.Build.0 = Debug|Any CPU
		{4C4ECC82-38CE-4EAE-98D1-70C5ED275CF0}.Release|Any CPU.ActiveCfg = Release|Any CPU
		{4C4ECC82-38CE-4EAE-98D1-70C5ED275CF0}.Release|Any CPU.Build.0 = Release|Any CPU
		{2DC724FC-7191-4C49-A230-BA65D4A9C7A7}.Debug|Any CPU.ActiveCfg = Debug|Any CPU
		{2DC724FC-7191-4C49-A230-BA65D4A9C7A7}.Debug|Any CPU.Build.0 = Debug|Any CPU
		{2DC724FC-7191-4C49-A230-BA65D4A9C7A7}.Release|Any CPU.ActiveCfg = Release|Any CPU
		{2DC724FC-7191-4C49-A230-BA65D4A9C7A7}.Release|Any CPU.Build.0 = Release|Any CPU
		{0F4CACF5-D13A-408A-8E68-BBF113D6170C}.Debug|Any CPU.ActiveCfg = Debug|Any CPU
		{0F4CACF5-D13A-408A-8E68-BBF113D6170C}.Debug|Any CPU.Build.0 = Debug|Any CPU
		{0F4CACF5-D13A-408A-8E68-BBF113D6170C}.Release|Any CPU.ActiveCfg = Release|Any CPU
		{0F4CACF5-D13A-408A-8E68-BBF113D6170C}.Release|Any CPU.Build.0 = Release|Any CPU
		{1B184F6B-750A-4BDF-9CDE-3F2A75424602}.Debug|Any CPU.ActiveCfg = Debug|Any CPU
		{1B184F6B-750A-4BDF-9CDE-3F2A75424602}.Debug|Any CPU.Build.0 = Debug|Any CPU
		{1B184F6B-750A-4BDF-9CDE-3F2A75424602}.Release|Any CPU.ActiveCfg = Release|Any CPU
		{1B184F6B-750A-4BDF-9CDE-3F2A75424602}.Release|Any CPU.Build.0 = Release|Any CPU
		{EA08D7AD-6BAB-4AF3-9367-6D41544D4BE3}.Debug|Any CPU.ActiveCfg = Debug|Any CPU
		{EA08D7AD-6BAB-4AF3-9367-6D41544D4BE3}.Debug|Any CPU.Build.0 = Debug|Any CPU
		{EA08D7AD-6BAB-4AF3-9367-6D41544D4BE3}.Release|Any CPU.ActiveCfg = Release|Any CPU
		{EA08D7AD-6BAB-4AF3-9367-6D41544D4BE3}.Release|Any CPU.Build.0 = Release|Any CPU
		{2A125DA5-B75F-48F4-8737-3CE3181DA778}.Debug|Any CPU.ActiveCfg = Debug|Any CPU
		{2A125DA5-B75F-48F4-8737-3CE3181DA778}.Debug|Any CPU.Build.0 = Debug|Any CPU
		{2A125DA5-B75F-48F4-8737-3CE3181DA778}.Release|Any CPU.ActiveCfg = Release|Any CPU
		{2A125DA5-B75F-48F4-8737-3CE3181DA778}.Release|Any CPU.Build.0 = Release|Any CPU
	EndGlobalSection
	GlobalSection(SolutionProperties) = preSolution
		HideSolutionNode = FALSE
	EndGlobalSection
	GlobalSection(ExtensibilityGlobals) = postSolution
		SolutionGuid = {4DB43B92-7ABA-42A1-9536-2382A8BA7643}
	EndGlobalSection
EndGlobal
